
Microsoft Visual Studio Solution File, Format Version 12.00
# Visual Studio 15
VisualStudioVersion = 15.0.28307.329
MinimumVisualStudioVersion = 10.0.40219.1
Project("{FAE04EC0-301F-11D3-BF4B-00C04F79EFBC}") = "RobotOnTheRun.Web", "RobotOnTheRun.Web\RobotOnTheRun.Web.csproj", "{60834CC4-5D66-49C2-9424-5C48F54C3C1A}"
EndProject
Project("{FAE04EC0-301F-11D3-BF4B-00C04F79EFBC}") = "RobotOnTheRun.Shared", "RobotOnTheRun.Shared\RobotOnTheRun.Shared.csproj", "{AAF1C8E9-B247-4C8E-9B18-60ED48D1F21E}"
EndProject
Project("{FAE04EC0-301F-11D3-BF4B-00C04F79EFBC}") = "RobotOnTheRun.Domain", "RobotOnTheRun.Domain\RobotOnTheRun.Domain.csproj", "{F15A7640-8124-417C-812F-01F0D25D4C87}"
EndProject
Project("{FAE04EC0-301F-11D3-BF4B-00C04F79EFBC}") = "RobotOnTheRun.Test", "RobotOnTheRun.Test\RobotOnTheRun.Test.csproj", "{47385336-EDB9-479D-91C6-C1115C3099BF}"
EndProject
Global
	GlobalSection(SolutionConfigurationPlatforms) = preSolution
		Debug|Any CPU = Debug|Any CPU
		Release|Any CPU = Release|Any CPU
	EndGlobalSection
	GlobalSection(ProjectConfigurationPlatforms) = postSolution
		{60834CC4-5D66-49C2-9424-5C48F54C3C1A}.Debug|Any CPU.ActiveCfg = Debug|Any CPU
		{60834CC4-5D66-49C2-9424-5C48F54C3C1A}.Debug|Any CPU.Build.0 = Debug|Any CPU
		{60834CC4-5D66-49C2-9424-5C48F54C3C1A}.Release|Any CPU.ActiveCfg = Release|Any CPU
		{60834CC4-5D66-49C2-9424-5C48F54C3C1A}.Release|Any CPU.Build.0 = Release|Any CPU
		{AAF1C8E9-B247-4C8E-9B18-60ED48D1F21E}.Debug|Any CPU.ActiveCfg = Debug|Any CPU
		{AAF1C8E9-B247-4C8E-9B18-60ED48D1F21E}.Debug|Any CPU.Build.0 = Debug|Any CPU
		{AAF1C8E9-B247-4C8E-9B18-60ED48D1F21E}.Release|Any CPU.ActiveCfg = Release|Any CPU
		{AAF1C8E9-B247-4C8E-9B18-60ED48D1F21E}.Release|Any CPU.Build.0 = Release|Any CPU
		{F15A7640-8124-417C-812F-01F0D25D4C87}.Debug|Any CPU.ActiveCfg = Debug|Any CPU
		{F15A7640-8124-417C-812F-01F0D25D4C87}.Debug|Any CPU.Build.0 = Debug|Any CPU
		{F15A7640-8124-417C-812F-01F0D25D4C87}.Release|Any CPU.ActiveCfg = Release|Any CPU
		{F15A7640-8124-417C-812F-01F0D25D4C87}.Release|Any CPU.Build.0 = Release|Any CPU
		{47385336-EDB9-479D-91C6-C1115C3099BF}.Debug|Any CPU.ActiveCfg = Debug|Any CPU
		{47385336-EDB9-479D-91C6-C1115C3099BF}.Debug|Any CPU.Build.0 = Debug|Any CPU
		{47385336-EDB9-479D-91C6-C1115C3099BF}.Release|Any CPU.ActiveCfg = Release|Any CPU
		{47385336-EDB9-479D-91C6-C1115C3099BF}.Release|Any CPU.Build.0 = Release|Any CPU
	EndGlobalSection
	GlobalSection(SolutionProperties) = preSolution
		HideSolutionNode = FALSE
	EndGlobalSection
	GlobalSection(ExtensibilityGlobals) = postSolution
		SolutionGuid = {44F5ACE4-99F2-47E6-9765-E06501614279}
	EndGlobalSection
EndGlobal
